PODS:
  - Argyle (5.0.0)
  - argyle_link_flutter (0.0.1):
    - Argyle (= 5.0.0)
    - Flutter
  - Flutter (1.0.0)

DEPENDENCIES:
  - argyle_link_flutter (from `.symlinks/plugins/argyle_link_flutter/ios`)
  - Flutter (from `Flutter`)

SPEC REPOS:
  trunk:
    - Argyle

EXTERNAL SOURCES:
  argyle_link_flutter:
    :path: ".symlinks/plugins/argyle_link_flutter/ios"
  Flutter:
    :path: Flutter

SPEC CHECKSUMS:
  Argyle: b474728d3fa872e55458625654c109d6e8e363eb
  argyle_link_flutter: 1ce4b62a5a8118b7f568071a3b1735cc861869bf
  Flutter: f04841e97a9d0b0a8025694d0796dd46242b2854

PODFILE CHECKSUM: 775997f741c536251164e3eacf6e34abf2eb7a17

COCOAPODS: 1.12.0
