PODS:
  - Argyle (5.3.1)
  - argyle_link_flutter (0.0.1):
    - Argyle (= 5.3.1)
    - Flutter
  - Flutter (1.0.0)

DEPENDENCIES:
  - argyle_link_flutter (from `.symlinks/plugins/argyle_link_flutter/ios`)
  - Flutter (from `Flutter`)

SPEC REPOS:
  trunk:
    - Argyle

EXTERNAL SOURCES:
  argyle_link_flutter:
    :path: ".symlinks/plugins/argyle_link_flutter/ios"
  Flutter:
    :path: Flutter

SPEC CHECKSUMS:
  Argyle: bad2d2bf8c26dffa66db46c6fdb0dd9a38550342
  argyle_link_flutter: 5a1e0031fea176d430935f0fc85cdbfed4d90ae7
  Flutter: f04841e97a9d0b0a8025694d0796dd46242b2854

PODFILE CHECKSUM: 775997f741c536251164e3eacf6e34abf2eb7a17

COCOAPODS: 1.12.1
