PODS:
  - Argyle (5.7.1)
  - argyle_link_flutter (0.0.1):
    - Argyle (= 5.7.1)
    - Flutter
  - Flutter (1.0.0)

DEPENDENCIES:
  - argyle_link_flutter (from `.symlinks/plugins/argyle_link_flutter/ios`)
  - Flutter (from `Flutter`)

SPEC REPOS:
  trunk:
    - Argyle

EXTERNAL SOURCES:
  argyle_link_flutter:
    :path: ".symlinks/plugins/argyle_link_flutter/ios"
  Flutter:
    :path: Flutter

SPEC CHECKSUMS:
  Argyle: a61f7dc66dcee79a5d4608279e9b7e1d9c92ef11
  argyle_link_flutter: 0e143df624444ecb3fb35425221ae67e6fad7752
  Flutter: f04841e97a9d0b0a8025694d0796dd46242b2854

PODFILE CHECKSUM: 775997f741c536251164e3eacf6e34abf2eb7a17

COCOAPODS: 1.15.2
